
Microsoft Visual Studio Solution File, Format Version 12.00
# Visual Studio 14
VisualStudioVersion = 14.0.23107.0
MinimumVisualStudioVersion = 10.0.40219.1
Project("{FAE04EC0-301F-11D3-BF4B-00C04F79EFBC}") = "TeslaLib", "TeslaLib\TeslaLib.csproj", "{4E5EE82A-DC89-467E-97CA-0BE71C7FF22E}"
EndProject
Project("{FAE04EC0-301F-11D3-BF4B-00C04F79EFBC}") = "TeslaLib.Console", "TeslaLib.Console\TeslaLib.Console.csproj", "{AFA38FAA-A3E9-46D0-91F6-3B4EA9E7FED6}"
EndProject
Global
	GlobalSection(SolutionConfigurationPlatforms) = preSolution
		Debug|Any CPU = Debug|Any CPU
		Debug|Mixed Platforms = Debug|Mixed Platforms
		Debug|x86 = Debug|x86
		Release|Any CPU = Release|Any CPU
		Release|Mixed Platforms = Release|Mixed Platforms
		Release|x86 = Release|x86
	EndGlobalSection
	GlobalSection(ProjectConfigurationPlatforms) = postSolution
		{4E5EE82A-DC89-467E-97CA-0BE71C7FF22E}.Debug|Any CPU.ActiveCfg = Debug|Any CPU
		{4E5EE82A-DC89-467E-97CA-0BE71C7FF22E}.Debug|Any CPU.Build.0 = Debug|Any CPU
		{4E5EE82A-DC89-467E-97CA-0BE71C7FF22E}.Debug|Mixed Platforms.ActiveCfg = Debug|Any CPU
		{4E5EE82A-DC89-467E-97CA-0BE71C7FF22E}.Debug|Mixed Platforms.Build.0 = Debug|Any CPU
		{4E5EE82A-DC89-467E-97CA-0BE71C7FF22E}.Debug|x86.ActiveCfg = Debug|Any CPU
		{4E5EE82A-DC89-467E-97CA-0BE71C7FF22E}.Debug|x86.Build.0 = Debug|Any CPU
		{4E5EE82A-DC89-467E-97CA-0BE71C7FF22E}.Release|Any CPU.ActiveCfg = Release|Any CPU
		{4E5EE82A-DC89-467E-97CA-0BE71C7FF22E}.Release|Any CPU.Build.0 = Release|Any CPU
		{4E5EE82A-DC89-467E-97CA-0BE71C7FF22E}.Release|Mixed Platforms.ActiveCfg = Release|Any CPU
		{4E5EE82A-DC89-467E-97CA-0BE71C7FF22E}.Release|Mixed Platforms.Build.0 = Release|Any CPU
		{4E5EE82A-DC89-467E-97CA-0BE71C7FF22E}.Release|x86.ActiveCfg = Release|Any CPU
		{4E5EE82A-DC89-467E-97CA-0BE71C7FF22E}.Release|x86.Build.0 = Release|Any CPU
		{AFA38FAA-A3E9-46D0-91F6-3B4EA9E7FED6}.Debug|Any CPU.ActiveCfg = Debug|Any CPU
		{AFA38FAA-A3E9-46D0-91F6-3B4EA9E7FED6}.Debug|Any CPU.Build.0 = Debug|Any CPU
		{AFA38FAA-A3E9-46D0-91F6-3B4EA9E7FED6}.Debug|Mixed Platforms.ActiveCfg = Debug|Any CPU
		{AFA38FAA-A3E9-46D0-91F6-3B4EA9E7FED6}.Debug|Mixed Platforms.Build.0 = Debug|Any CPU
		{AFA38FAA-A3E9-46D0-91F6-3B4EA9E7FED6}.Debug|x86.ActiveCfg = Debug|Any CPU
		{AFA38FAA-A3E9-46D0-91F6-3B4EA9E7FED6}.Debug|x86.Build.0 = Debug|Any CPU
		{AFA38FAA-A3E9-46D0-91F6-3B4EA9E7FED6}.Release|Any CPU.ActiveCfg = Release|Any CPU
		{AFA38FAA-A3E9-46D0-91F6-3B4EA9E7FED6}.Release|Any CPU.Build.0 = Release|Any CPU
		{AFA38FAA-A3E9-46D0-91F6-3B4EA9E7FED6}.Release|Mixed Platforms.ActiveCfg = Release|Any CPU
		{AFA38FAA-A3E9-46D0-91F6-3B4EA9E7FED6}.Release|Mixed Platforms.Build.0 = Release|Any CPU
		{AFA38FAA-A3E9-46D0-91F6-3B4EA9E7FED6}.Release|x86.ActiveCfg = Release|Any CPU
		{AFA38FAA-A3E9-46D0-91F6-3B4EA9E7FED6}.Release|x86.Build.0 = Release|Any CPU
	EndGlobalSection
	GlobalSection(SolutionProperties) = preSolution
		HideSolutionNode = FALSE
	EndGlobalSection
	GlobalSection(ExtensibilityGlobals) = postSolution
		VisualSVNWorkingCopyRoot = .
	EndGlobalSection
EndGlobal
